
Microsoft Visual Studio Solution File, Format Version 12.00
# Visual Studio Version 16
VisualStudioVersion = 16.0.31613.86
MinimumVisualStudioVersion = 10.0.40219.1
Project("{FAE04EC0-301F-11D3-BF4B-00C04F79EFBC}") = "EmployeeCrud", "EmployeeCrud\EmployeeCrud.csproj", "{561BC361-F066-4387-A403-2BF00390FC02}"
EndProject
Global
	GlobalSection(SolutionConfigurationPlatforms) = preSolution
		Debug|Any CPU = Debug|Any CPU
		Release|Any CPU = Release|Any CPU
	EndGlobalSection
	GlobalSection(ProjectConfigurationPlatforms) = postSolution
		{561BC361-F066-4387-A403-2BF00390FC02}.Debug|Any CPU.ActiveCfg = Debug|Any CPU
		{561BC361-F066-4387-A403-2BF00390FC02}.Debug|Any CPU.Build.0 = Debug|Any CPU
		{561BC361-F066-4387-A403-2BF00390FC02}.Release|Any CPU.ActiveCfg = Release|Any CPU
		{561BC361-F066-4387-A403-2BF00390FC02}.Release|Any CPU.Build.0 = Release|Any CPU
	EndGlobalSection
	GlobalSection(SolutionProperties) = preSolution
		HideSolutionNode = FALSE
	EndGlobalSection
	GlobalSection(ExtensibilityGlobals) = postSolution
		SolutionGuid = {E3A34D4C-897B-4168-B057-1E3FA79604F6}
	EndGlobalSection
EndGlobal
